Microsoft Visual Studio Solution File, Format Version 12.00
# Visual Studio 14
VisualStudioVersion = 14.0.23107.0
MinimumVisualStudioVersion = 10.0.40219.1
Project("{8BC9CEB8-8B4A-11D0-8D11-00A0C91BC942}") = "MeshExport", "MeshExport\MeshExport.vcxproj", "{010A6E9A-7611-4E51-B572-483EF39A4E70}"
EndProject
Project("{8BC9CEB8-8B4A-11D0-8D11-00A0C91BC942}") = "genCmdParser", "genCmdParser\genCmdParser.vcxproj", "{F79D74F2-C209-4FAB-8D66-9240E081B839}"
EndProject
Project("{8BC9CEB8-8B4A-11D0-8D11-00A0C91BC942}") = "SceneViewer", "SceneViewer\SceneViewer.vcxproj", "{89BFE927-F5A1-493E-A286-29B7BD78F81C}"
EndProject
Project("{8BC9CEB8-8B4A-11D0-8D11-00A0C91BC942}") = "ImagePacker2", "ImagePacker2\ImagePacker2.vcxproj", "{8F7687B0-5A31-4F51-B24F-FD39F2ADD71C}"
EndProject
Project("{8BC9CEB8-8B4A-11D0-8D11-00A0C91BC942}") = "z3DCoreUIHelper", "z3D\z3DCoreUIHelper.vcxproj", "{973C18CE-6B25-49D2-8D90-B9327C6805C4}"
EndProject
Project("{8BC9CEB8-8B4A-11D0-8D11-00A0C91BC942}") = "z3DCoreCrit", "z3D\z3DCoreCrit.vcxproj", "{F094168B-B121-4269-AA8B-A69BA89657E3}"
EndProject
Project("{8BC9CEB8-8B4A-11D0-8D11-00A0C91BC942}") = "z3DCoreINET", "z3D\z3DCoreINET.vcxproj", "{8B60D4FC-801C-472B-BB87-671C804B8DC7}"
EndProject
Project("{8BC9CEB8-8B4A-11D0-8D11-00A0C91BC942}") = "z3DCoreAX", "z3D\z3DCoreAX.vcxproj", "{CACE0E15-46B1-4E46-ACEF-EE0C5D423E30}"
EndProject
Project("{8BC9CEB8-8B4A-11D0-8D11-00A0C91BC942}") = "z3DCore", "z3D\projects\z3DCore\z3DCore.vcxproj", "{DF16DFB9-C8A3-464E-B911-B5158D1FDE79}"
EndProject
Project("{8BC9CEB8-8B4A-11D0-8D11-00A0C91BC942}") = "z3DAudio", "z3D\projects\z3DAudio\z3DAudio.vcxproj", "{BAB8D152-D26C-4236-B5F7-0D6E1B5B0E28}"
EndProject
Project("{8BC9CEB8-8B4A-11D0-8D11-00A0C91BC942}") = "z3DGameFrm", "z3D\projects\z3DGameFrm\z3DGameFrm.vcxproj", "{D5461158-1C27-4652-A7F6-2A7A336FF8F7}"
EndProject
Project("{8BC9CEB8-8B4A-11D0-8D11-00A0C91BC942}") = "z3DIntersect", "z3D\projects\z3DIntersect\z3DIntersect.vcxproj", "{F9D98139-7CA9-4EE1-B91E-B3BE9DAF6B8A}"
EndProject
Project("{8BC9CEB8-8B4A-11D0-8D11-00A0C91BC942}") = "z3DIO", "z3D\projects\z3DIO\z3DIO.vcxproj", "{031BCA88-9110-46E4-8012-41910B2526EC}"
EndProject
Project("{8BC9CEB8-8B4A-11D0-8D11-00A0C91BC942}") = "z3DmySQL", "z3D\projects\z3DmySQL\z3DmySQL.vcxproj", "{698D3317-E076-4423-BD22-7DFF5994A596}"
EndProject
Project("{8BC9CEB8-8B4A-11D0-8D11-00A0C91BC942}") = "z3DPhysics", "z3D\projects\z3DPhysics\z3DPhysics.vcxproj", "{18ED94E7-59F1-4CE9-B132-E17CA91350A8}"
EndProject
Project("{8BC9CEB8-8B4A-11D0-8D11-00A0C91BC942}") = "z3DSG", "z3D\projects\z3DSG\z3DSG.vcxproj", "{88E03A63-18FD-4805-8050-6148D082B8C6}"
EndProject
Project("{8BC9CEB8-8B4A-11D0-8D11-00A0C91BC942}") = "z3DTCPFrm", "z3D\projects\z3DTCPFrm\z3DTCPFrm.vcxproj", "{8F3393F5-8E05-4C78-A8A7-D9ACB6689B58}"
EndProject
Project("{8BC9CEB8-8B4A-11D0-8D11-00A0C91BC942}") = "z3DVideo", "z3D\projects\z3DVideo\z3DVideo.vcxproj", "{2D4F7010-A31B-459F-B443-52799CEDC60A}"
EndProject
Project("{8BC9CEB8-8B4A-11D0-8D11-00A0C91BC942}") = "fps", "fps\fps.vcxproj", "{074A64C8-0812-4826-9EB6-61AD29842CDA}"
EndProject
Project("{8BC9CEB8-8B4A-11D0-8D11-00A0C91BC942}") = "GaussianDistribution", "GaussianDistribution\GaussianDistribution.vcxproj", "{8B1A82DB-7CF5-4DDF-8245-41965520B48B}"
EndProject
Project("{8BC9CEB8-8B4A-11D0-8D11-00A0C91BC942}") = "grunt", "grunt\grunt.vcxproj", "{1D25E32C-5177-4CA0-9CAF-49B4F418D72E}"
EndProject
Project("{8BC9CEB8-8B4A-11D0-8D11-00A0C91BC942}") = "z3D", "z3D\dll\z3D.vcxproj", "{2198F1A8-43F2-42D0-AC43-9CB881E37E34}"
EndProject
Global
	GlobalSection(SolutionConfigurationPlatforms) = preSolution
		Debug|Win32 = Debug|Win32
		Release|Win32 = Release|Win32
	EndGlobalSection
	GlobalSection(ProjectConfigurationPlatforms) = postSolution
		{010A6E9A-7611-4E51-B572-483EF39A4E70}.Debug|Win32.ActiveCfg = Debug|Win32
		{010A6E9A-7611-4E51-B572-483EF39A4E70}.Debug|Win32.Build.0 = Debug|Win32
		{010A6E9A-7611-4E51-B572-483EF39A4E70}.Release|Win32.ActiveCfg = Release|Win32
		{010A6E9A-7611-4E51-B572-483EF39A4E70}.Release|Win32.Build.0 = Release|Win32
		{F79D74F2-C209-4FAB-8D66-9240E081B839}.Debug|Win32.ActiveCfg = Debug|Win32
		{F79D74F2-C209-4FAB-8D66-9240E081B839}.Debug|Win32.Build.0 = Debug|Win32
		{F79D74F2-C209-4FAB-8D66-9240E081B839}.Release|Win32.ActiveCfg = Release|Win32
		{F79D74F2-C209-4FAB-8D66-9240E081B839}.Release|Win32.Build.0 = Release|Win32
		{89BFE927-F5A1-493E-A286-29B7BD78F81C}.Debug|Win32.ActiveCfg = Debug|Win32
		{89BFE927-F5A1-493E-A286-29B7BD78F81C}.Debug|Win32.Build.0 = Debug|Win32
		{89BFE927-F5A1-493E-A286-29B7BD78F81C}.Release|Win32.ActiveCfg = Release|Win32
		{89BFE927-F5A1-493E-A286-29B7BD78F81C}.Release|Win32.Build.0 = Release|Win32
		{8F7687B0-5A31-4F51-B24F-FD39F2ADD71C}.Debug|Win32.ActiveCfg = Debug|Win32
		{8F7687B0-5A31-4F51-B24F-FD39F2ADD71C}.Debug|Win32.Build.0 = Debug|Win32
		{8F7687B0-5A31-4F51-B24F-FD39F2ADD71C}.Release|Win32.ActiveCfg = Release|Win32
		{8F7687B0-5A31-4F51-B24F-FD39F2ADD71C}.Release|Win32.Build.0 = Release|Win32
		{973C18CE-6B25-49D2-8D90-B9327C6805C4}.Debug|Win32.ActiveCfg = Debug|Win32
		{973C18CE-6B25-49D2-8D90-B9327C6805C4}.Debug|Win32.Build.0 = Debug|Win32
		{973C18CE-6B25-49D2-8D90-B9327C6805C4}.Release|Win32.ActiveCfg = Release|Win32
		{973C18CE-6B25-49D2-8D90-B9327C6805C4}.Release|Win32.Build.0 = Release|Win32
		{F094168B-B121-4269-AA8B-A69BA89657E3}.Debug|Win32.ActiveCfg = Debug|Win32
		{F094168B-B121-4269-AA8B-A69BA89657E3}.Debug|Win32.Build.0 = Debug|Win32
		{F094168B-B121-4269-AA8B-A69BA89657E3}.Release|Win32.ActiveCfg = Release|Win32
		{F094168B-B121-4269-AA8B-A69BA89657E3}.Release|Win32.Build.0 = Release|Win32
		{8B60D4FC-801C-472B-BB87-671C804B8DC7}.Debug|Win32.ActiveCfg = Debug|Win32
		{8B60D4FC-801C-472B-BB87-671C804B8DC7}.Debug|Win32.Build.0 = Debug|Win32
		{8B60D4FC-801C-472B-BB87-671C804B8DC7}.Release|Win32.ActiveCfg = Release|Win32
		{8B60D4FC-801C-472B-BB87-671C804B8DC7}.Release|Win32.Build.0 = Release|Win32
		{CACE0E15-46B1-4E46-ACEF-EE0C5D423E30}.Debug|Win32.ActiveCfg = Debug|Win32
		{CACE0E15-46B1-4E46-ACEF-EE0C5D423E30}.Debug|Win32.Build.0 = Debug|Win32
		{CACE0E15-46B1-4E46-ACEF-EE0C5D423E30}.Release|Win32.ActiveCfg = Release|Win32
		{CACE0E15-46B1-4E46-ACEF-EE0C5D423E30}.Release|Win32.Build.0 = Release|Win32
		{DF16DFB9-C8A3-464E-B911-B5158D1FDE79}.Debug|Win32.ActiveCfg = Debug|Win32
		{DF16DFB9-C8A3-464E-B911-B5158D1FDE79}.Debug|Win32.Build.0 = Debug|Win32
		{DF16DFB9-C8A3-464E-B911-B5158D1FDE79}.Release|Win32.ActiveCfg = Release|Win32
		{DF16DFB9-C8A3-464E-B911-B5158D1FDE79}.Release|Win32.Build.0 = Release|Win32
		{BAB8D152-D26C-4236-B5F7-0D6E1B5B0E28}.Debug|Win32.ActiveCfg = Debug|Win32
		{BAB8D152-D26C-4236-B5F7-0D6E1B5B0E28}.Debug|Win32.Build.0 = Debug|Win32
		{BAB8D152-D26C-4236-B5F7-0D6E1B5B0E28}.Release|Win32.ActiveCfg = Release|Win32
		{BAB8D152-D26C-4236-B5F7-0D6E1B5B0E28}.Release|Win32.Build.0 = Release|Win32
		{D5461158-1C27-4652-A7F6-2A7A336FF8F7}.Debug|Win32.ActiveCfg = Debug|Win32
		{D5461158-1C27-4652-A7F6-2A7A336FF8F7}.Debug|Win32.Build.0 = Debug|Win32
		{D5461158-1C27-4652-A7F6-2A7A336FF8F7}.Release|Win32.ActiveCfg = Release|Win32
		{D5461158-1C27-4652-A7F6-2A7A336FF8F7}.Release|Win32.Build.0 = Release|Win32
		{F9D98139-7CA9-4EE1-B91E-B3BE9DAF6B8A}.Debug|Win32.ActiveCfg = Debug|Win32
		{F9D98139-7CA9-4EE1-B91E-B3BE9DAF6B8A}.Debug|Win32.Build.0 = Debug|Win32
		{F9D98139-7CA9-4EE1-B91E-B3BE9DAF6B8A}.Release|Win32.ActiveCfg = Release|Win32
		{F9D98139-7CA9-4EE1-B91E-B3BE9DAF6B8A}.Release|Win32.Build.0 = Release|Win32
		{031BCA88-9110-46E4-8012-41910B2526EC}.Debug|Win32.ActiveCfg = Debug|Win32
		{031BCA88-9110-46E4-8012-41910B2526EC}.Debug|Win32.Build.0 = Debug|Win32
		{031BCA88-9110-46E4-8012-41910B2526EC}.Release|Win32.ActiveCfg = Release|Win32
		{031BCA88-9110-46E4-8012-41910B2526EC}.Release|Win32.Build.0 = Release|Win32
		{698D3317-E076-4423-BD22-7DFF5994A596}.Debug|Win32.ActiveCfg = Debug|Win32
		{698D3317-E076-4423-BD22-7DFF5994A596}.Debug|Win32.Build.0 = Debug|Win32
		{698D3317-E076-4423-BD22-7DFF5994A596}.Release|Win32.ActiveCfg = Release|Win32
		{698D3317-E076-4423-BD22-7DFF5994A596}.Release|Win32.Build.0 = Release|Win32
		{18ED94E7-59F1-4CE9-B132-E17CA91350A8}.Debug|Win32.ActiveCfg = Debug|Win32
		{18ED94E7-59F1-4CE9-B132-E17CA91350A8}.Debug|Win32.Build.0 = Debug|Win32
		{18ED94E7-59F1-4CE9-B132-E17CA91350A8}.Release|Win32.ActiveCfg = Release|Win32
		{18ED94E7-59F1-4CE9-B132-E17CA91350A8}.Release|Win32.Build.0 = Release|Win32
		{88E03A63-18FD-4805-8050-6148D082B8C6}.Debug|Win32.ActiveCfg = Debug|Win32
		{88E03A63-18FD-4805-8050-6148D082B8C6}.Debug|Win32.Build.0 = Debug|Win32
		{88E03A63-18FD-4805-8050-6148D082B8C6}.Release|Win32.ActiveCfg = Release|Win32
		{88E03A63-18FD-4805-8050-6148D082B8C6}.Release|Win32.Build.0 = Release|Win32
		{8F3393F5-8E05-4C78-A8A7-D9ACB6689B58}.Debug|Win32.ActiveCfg = Debug|Win32
		{8F3393F5-8E05-4C78-A8A7-D9ACB6689B58}.Debug|Win32.Build.0 = Debug|Win32
		{8F3393F5-8E05-4C78-A8A7-D9ACB6689B58}.Release|Win32.ActiveCfg = Release|Win32
		{8F3393F5-8E05-4C78-A8A7-D9ACB6689B58}.Release|Win32.Build.0 = Release|Win32
		{2D4F7010-A31B-459F-B443-52799CEDC60A}.Debug|Win32.ActiveCfg = Debug|Win32
		{2D4F7010-A31B-459F-B443-52799CEDC60A}.Debug|Win32.Build.0 = Debug|Win32
		{2D4F7010-A31B-459F-B443-52799CEDC60A}.Release|Win32.ActiveCfg = Release|Win32
		{2D4F7010-A31B-459F-B443-52799CEDC60A}.Release|Win32.Build.0 = Release|Win32
		{074A64C8-0812-4826-9EB6-61AD29842CDA}.Debug|Win32.ActiveCfg = Debug|Win32
		{074A64C8-0812-4826-9EB6-61AD29842CDA}.Debug|Win32.Build.0 = Debug|Win32
		{074A64C8-0812-4826-9EB6-61AD29842CDA}.Release|Win32.ActiveCfg = Release|Win32
		{074A64C8-0812-4826-9EB6-61AD29842CDA}.Release|Win32.Build.0 = Release|Win32
		{8B1A82DB-7CF5-4DDF-8245-41965520B48B}.Debug|Win32.ActiveCfg = Debug|Win32
		{8B1A82DB-7CF5-4DDF-8245-41965520B48B}.Debug|Win32.Build.0 = Debug|Win32
		{8B1A82DB-7CF5-4DDF-8245-41965520B48B}.Release|Win32.ActiveCfg = Release|Win32
		{8B1A82DB-7CF5-4DDF-8245-41965520B48B}.Release|Win32.Build.0 = Release|Win32
		{1D25E32C-5177-4CA0-9CAF-49B4F418D72E}.Debug|Win32.ActiveCfg = Debug|Win32
		{1D25E32C-5177-4CA0-9CAF-49B4F418D72E}.Debug|Win32.Build.0 = Debug|Win32
		{1D25E32C-5177-4CA0-9CAF-49B4F418D72E}.Release|Win32.ActiveCfg = Release|Win32
		{1D25E32C-5177-4CA0-9CAF-49B4F418D72E}.Release|Win32.Build.0 = Release|Win32
		{2198F1A8-43F2-42D0-AC43-9CB881E37E34}.Debug|Win32.ActiveCfg = Debug|Win32
		{2198F1A8-43F2-42D0-AC43-9CB881E37E34}.Debug|Win32.Build.0 = Debug|Win32
		{2198F1A8-43F2-42D0-AC43-9CB881E37E34}.Release|Win32.ActiveCfg = Release|Win32
		{2198F1A8-43F2-42D0-AC43-9CB881E37E34}.Release|Win32.Build.0 = Release|Win32
	EndGlobalSection
	GlobalSection(SolutionProperties) = preSolution
		HideSolutionNode = FALSE
	EndGlobalSection
EndGlobal
