<?xml version="1.0" encoding="utf-8"?>
<Project ToolsVersion="4.0" xmlns="http://schemas.microsoft.com/developer/msbuild/2003">
  <ItemGroup>
    <Filter Include="Animation">
      <UniqueIdentifier>{cf3529a8-e213-43c8-bbcb-c4c2fc3dab8a}</UniqueIdentifier>
    </Filter>
    <Filter Include="Math">
      <UniqueIdentifier>{66e63a41-29f0-4c44-8035-0f2360b51acf}</UniqueIdentifier>
    </Filter>
    <Filter Include="Misc">
      <UniqueIdentifier>{13559f25-dd4a-4f11-946a-81514811d8d1}</UniqueIdentifier>
    </Filter>
    <Filter Include="Object System">
      <UniqueIdentifier>{3e4a92cc-5473-41e4-a6c8-819778bc590f}</UniqueIdentifier>
    </Filter>
    <Filter Include="Threading">
      <UniqueIdentifier>{448e46bb-a1c7-4644-bad8-0d3e7906703b}</UniqueIdentifier>
    </Filter>
    <Filter Include="Util">
      <UniqueIdentifier>{dfec9494-d66b-4cd2-b33b-f8c1165ade5e}</UniqueIdentifier>
    </Filter>
    <Filter Include="Util\Lock-Free">
      <UniqueIdentifier>{f60b29e3-01f4-4125-a679-669762b7f6fd}</UniqueIdentifier>
    </Filter>
  </ItemGroup>
  <ItemGroup>
    <ClCompile Include="..\..\Core\AnimCtrl.cpp">
      <Filter>Animation</Filter>
    </ClCompile>
    <ClCompile Include="..\..\Core\AnimInst.cpp">
      <Filter>Animation</Filter>
    </ClCompile>
    <ClCompile Include="..\..\Core\AnimKey.cpp">
      <Filter>Animation</Filter>
    </ClCompile>
    <ClCompile Include="..\..\Core\CtrlBase.cpp">
      <Filter>Animation</Filter>
    </ClCompile>
    <ClCompile Include="..\..\Core\CtrlSet.cpp">
      <Filter>Animation</Filter>
    </ClCompile>
    <ClCompile Include="..\..\Core\CtrlUpdater.cpp">
      <Filter>Animation</Filter>
    </ClCompile>
    <ClCompile Include="..\..\Core\LOD.cpp">
      <Filter>Animation</Filter>
    </ClCompile>
    <ClCompile Include="..\..\Core\TimeAnim.cpp">
      <Filter>Animation</Filter>
    </ClCompile>
    <ClCompile Include="..\..\Core\Timer.cpp">
      <Filter>Animation</Filter>
    </ClCompile>
    <ClCompile Include="..\..\Core\TimerService.cpp">
      <Filter>Animation</Filter>
    </ClCompile>
    <ClCompile Include="..\..\Core\AABB.cpp">
      <Filter>Math</Filter>
    </ClCompile>
    <ClCompile Include="..\..\Core\ColorFunc.cpp">
      <Filter>Math</Filter>
    </ClCompile>
    <ClCompile Include="..\..\Core\Distance.cpp">
      <Filter>Math</Filter>
    </ClCompile>
    <ClCompile Include="..\..\Core\Frustum.cpp">
      <Filter>Math</Filter>
    </ClCompile>
    <ClCompile Include="..\..\Core\gaussian.cpp">
      <Filter>Math</Filter>
    </ClCompile>
    <ClCompile Include="..\..\Core\Line.cpp">
      <Filter>Math</Filter>
    </ClCompile>
    <ClCompile Include="..\..\Core\MathFunc.cpp">
      <Filter>Math</Filter>
    </ClCompile>
    <ClCompile Include="..\..\Core\Matrix2.cpp">
      <Filter>Math</Filter>
    </ClCompile>
    <ClCompile Include="..\..\Core\Matrix3.cpp">
      <Filter>Math</Filter>
    </ClCompile>
    <ClCompile Include="..\..\Core\Matrix4.cpp">
      <Filter>Math</Filter>
    </ClCompile>
    <ClCompile Include="..\..\Core\Matrix4_decompose.cpp">
      <Filter>Math</Filter>
    </ClCompile>
    <ClCompile Include="..\..\Core\OBB.cpp">
      <Filter>Math</Filter>
    </ClCompile>
    <ClCompile Include="..\..\Core\Plane.cpp">
      <Filter>Math</Filter>
    </ClCompile>
    <ClCompile Include="..\..\Core\Quaternion.cpp">
      <Filter>Math</Filter>
    </ClCompile>
    <ClCompile Include="..\..\Core\Ray.cpp">
      <Filter>Math</Filter>
    </ClCompile>
    <ClCompile Include="..\..\Core\Sphere.cpp">
      <Filter>Math</Filter>
    </ClCompile>
    <ClCompile Include="..\..\Core\Triangle.cpp">
      <Filter>Math</Filter>
    </ClCompile>
    <ClCompile Include="..\..\Core\Vector2.cpp">
      <Filter>Math</Filter>
    </ClCompile>
    <ClCompile Include="..\..\Core\Vector3.cpp">
      <Filter>Math</Filter>
    </ClCompile>
    <ClCompile Include="..\..\Core\Vector4.cpp">
      <Filter>Math</Filter>
    </ClCompile>
    <ClCompile Include="..\..\Core\Misc.cpp">
      <Filter>Misc</Filter>
    </ClCompile>
    <ClCompile Include="..\..\Core\Misc_crc.cpp">
      <Filter>Misc</Filter>
    </ClCompile>
    <ClCompile Include="..\..\Core\Misc_string.cpp">
      <Filter>Misc</Filter>
    </ClCompile>
    <ClCompile Include="..\..\Core\sqlite.cpp">
      <Filter>Misc</Filter>
    </ClCompile>
    <ClCompile Include="..\..\Core\W32MemDC.cpp">
      <Filter>Misc</Filter>
    </ClCompile>
    <ClCompile Include="..\..\Core\ResBase.cpp">
      <Filter>Object System</Filter>
    </ClCompile>
    <ClCompile Include="..\..\Core\ResMgr.cpp">
      <Filter>Object System</Filter>
    </ClCompile>
    <ClCompile Include="..\..\Core\shared_count.cpp">
      <Filter>Object System</Filter>
    </ClCompile>
    <ClCompile Include="..\..\Core\singleton.cpp">
      <Filter>Object System</Filter>
    </ClCompile>
    <ClCompile Include="..\..\Core\TypeStuff.cpp">
      <Filter>Object System</Filter>
    </ClCompile>
    <ClCompile Include="..\..\Core\interlocked.cpp">
      <Filter>Threading</Filter>
    </ClCompile>
    <ClCompile Include="..\..\Core\mutex.cpp">
      <Filter>Threading</Filter>
    </ClCompile>
    <ClCompile Include="..\..\Core\mutex_fast.cpp">
      <Filter>Threading</Filter>
    </ClCompile>
    <ClCompile Include="..\..\Core\mutex_rw.cpp">
      <Filter>Threading</Filter>
    </ClCompile>
    <ClCompile Include="..\..\Core\mutex_rw2.cpp">
      <Filter>Threading</Filter>
    </ClCompile>
    <ClCompile Include="..\..\Core\sync_spin.cpp">
      <Filter>Threading</Filter>
    </ClCompile>
    <ClCompile Include="..\..\Core\W32Thread.cpp">
      <Filter>Threading</Filter>
    </ClCompile>
    <ClCompile Include="..\..\Core\AlignedHeapOp.cpp">
      <Filter>Util</Filter>
    </ClCompile>
    <ClCompile Include="..\..\Core\AnyValue.cpp">
      <Filter>Util</Filter>
    </ClCompile>
    <ClCompile Include="..\..\Core\biased_random.cpp">
      <Filter>Util</Filter>
    </ClCompile>
    <ClCompile Include="..\..\Core\BitArray.cpp">
      <Filter>Util</Filter>
    </ClCompile>
    <ClCompile Include="..\..\Core\Config.cpp">
      <Filter>Util</Filter>
    </ClCompile>
    <ClCompile Include="..\..\Core\CountDown.cpp">
      <Filter>Util</Filter>
    </ClCompile>
    <ClCompile Include="..\..\Core\Counter.cpp">
      <Filter>Util</Filter>
    </ClCompile>
    <ClCompile Include="..\..\Core\duo_map.cpp">
      <Filter>Util</Filter>
    </ClCompile>
    <ClCompile Include="..\..\Core\fast_string.cpp">
      <Filter>Util</Filter>
    </ClCompile>
    <ClCompile Include="..\..\Core\FNGen.cpp">
      <Filter>Util</Filter>
    </ClCompile>
    <ClCompile Include="..\..\Core\FPSCounter.cpp">
      <Filter>Util</Filter>
    </ClCompile>
    <ClCompile Include="..\..\Core\FPSCtrl.cpp">
      <Filter>Util</Filter>
    </ClCompile>
    <ClCompile Include="..\..\Core\lex.scn.cpp">
      <Filter>Util</Filter>
    </ClCompile>
    <ClCompile Include="..\..\Core\LexScan.cpp">
      <Filter>Util</Filter>
    </ClCompile>
    <ClCompile Include="..\..\Core\LoggerSTL.cpp">
      <Filter>Util</Filter>
    </ClCompile>
    <ClCompile Include="..\..\Core\mt.cpp">
      <Filter>Util</Filter>
    </ClCompile>
    <ClCompile Include="..\..\Core\Profiler.cpp">
      <Filter>Util</Filter>
    </ClCompile>
    <ClCompile Include="..\..\Core\random.cpp">
      <Filter>Util</Filter>
    </ClCompile>
    <ClCompile Include="..\..\Core\RiffReader.cpp">
      <Filter>Util</Filter>
    </ClCompile>
    <ClCompile Include="..\..\Core\SMem.cpp">
      <Filter>Util</Filter>
    </ClCompile>
    <ClCompile Include="..\..\Core\stack_any.cpp">
      <Filter>Util</Filter>
    </ClCompile>
    <ClCompile Include="..\..\Core\Stats.cpp">
      <Filter>Util</Filter>
    </ClCompile>
    <ClCompile Include="..\..\Core\Tokenizer.cpp">
      <Filter>Util</Filter>
    </ClCompile>
    <ClCompile Include="..\..\Core\version.cpp">
      <Filter>Util</Filter>
    </ClCompile>
    <ClCompile Include="..\..\Core\ZipUtil.cpp">
      <Filter>Util</Filter>
    </ClCompile>
    <ClCompile Include="..\..\Core\error_handle.cpp" />
  </ItemGroup>
  <ItemGroup>
    <ClInclude Include="..\..\Core\AnimCtrl.h">
      <Filter>Animation</Filter>
    </ClInclude>
    <ClInclude Include="..\..\Core\AnimInst.h">
      <Filter>Animation</Filter>
    </ClInclude>
    <ClInclude Include="..\..\Core\AnimKey.h">
      <Filter>Animation</Filter>
    </ClInclude>
    <ClInclude Include="..\..\Core\AnimKey_Inl.h">
      <Filter>Animation</Filter>
    </ClInclude>
    <ClInclude Include="..\..\Core\CtrlBase.h">
      <Filter>Animation</Filter>
    </ClInclude>
    <ClInclude Include="..\..\Core\CtrlSet.h">
      <Filter>Animation</Filter>
    </ClInclude>
    <ClInclude Include="..\..\Core\CtrlUpdater.h">
      <Filter>Animation</Filter>
    </ClInclude>
    <ClInclude Include="..\..\Core\LOD.h">
      <Filter>Animation</Filter>
    </ClInclude>
    <ClInclude Include="..\..\Core\TimeAnim.h">
      <Filter>Animation</Filter>
    </ClInclude>
    <ClInclude Include="..\..\Core\Timer.h">
      <Filter>Animation</Filter>
    </ClInclude>
    <ClInclude Include="..\..\Core\TimerService.h">
      <Filter>Animation</Filter>
    </ClInclude>
    <ClInclude Include="..\..\Core\AABB.h">
      <Filter>Math</Filter>
    </ClInclude>
    <ClInclude Include="..\..\Core\ColorFunc.h">
      <Filter>Math</Filter>
    </ClInclude>
    <ClInclude Include="..\..\Core\Constants.h">
      <Filter>Math</Filter>
    </ClInclude>
    <ClInclude Include="..\..\Core\Distance.h">
      <Filter>Math</Filter>
    </ClInclude>
    <ClInclude Include="..\..\Core\Frustum.h">
      <Filter>Math</Filter>
    </ClInclude>
    <ClInclude Include="..\..\Core\gaussian.h">
      <Filter>Math</Filter>
    </ClInclude>
    <ClInclude Include="..\..\Core\gaussian_inl.h">
      <Filter>Math</Filter>
    </ClInclude>
    <ClInclude Include="..\..\Core\Line.h">
      <Filter>Math</Filter>
    </ClInclude>
    <ClInclude Include="..\..\Core\MathFunc.h">
      <Filter>Math</Filter>
    </ClInclude>
    <ClInclude Include="..\..\Core\Matrix2.h">
      <Filter>Math</Filter>
    </ClInclude>
    <ClInclude Include="..\..\Core\Matrix3.h">
      <Filter>Math</Filter>
    </ClInclude>
    <ClInclude Include="..\..\Core\Matrix4.h">
      <Filter>Math</Filter>
    </ClInclude>
    <ClInclude Include="..\..\Core\OBB.h">
      <Filter>Math</Filter>
    </ClInclude>
    <ClInclude Include="..\..\Core\Plane.h">
      <Filter>Math</Filter>
    </ClInclude>
    <ClInclude Include="..\..\Core\Quaternion.h">
      <Filter>Math</Filter>
    </ClInclude>
    <ClInclude Include="..\..\Core\Ray.h">
      <Filter>Math</Filter>
    </ClInclude>
    <ClInclude Include="..\..\Core\Sphere.h">
      <Filter>Math</Filter>
    </ClInclude>
    <ClInclude Include="..\..\Core\Triangle.h">
      <Filter>Math</Filter>
    </ClInclude>
    <ClInclude Include="..\..\Core\Vector2.h">
      <Filter>Math</Filter>
    </ClInclude>
    <ClInclude Include="..\..\Core\Vector3.h">
      <Filter>Math</Filter>
    </ClInclude>
    <ClInclude Include="..\..\Core\Vector4.h">
      <Filter>Math</Filter>
    </ClInclude>
    <ClInclude Include="..\..\Core\Misc.h">
      <Filter>Misc</Filter>
    </ClInclude>
    <ClInclude Include="..\..\Core\sqlite.h">
      <Filter>Misc</Filter>
    </ClInclude>
    <ClInclude Include="..\..\Core\W32MemDC.h">
      <Filter>Misc</Filter>
    </ClInclude>
    <ClInclude Include="..\..\Core\noncopyable.h">
      <Filter>Object System</Filter>
    </ClInclude>
    <ClInclude Include="..\..\Core\ResBase.h">
      <Filter>Object System</Filter>
    </ClInclude>
    <ClInclude Include="..\..\Core\ResMgr.h">
      <Filter>Object System</Filter>
    </ClInclude>
    <ClInclude Include="..\..\Core\shared_count.h">
      <Filter>Object System</Filter>
    </ClInclude>
    <ClInclude Include="..\..\Core\singleton.h">
      <Filter>Object System</Filter>
    </ClInclude>
    <ClInclude Include="..\..\Core\SPtr.h">
      <Filter>Object System</Filter>
    </ClInclude>
    <ClInclude Include="..\..\Core\SPtr_inl.h">
      <Filter>Object System</Filter>
    </ClInclude>
    <ClInclude Include="..\..\Core\TypeStuff.h">
      <Filter>Object System</Filter>
    </ClInclude>
    <ClInclude Include="..\..\Core\WPtr.h">
      <Filter>Object System</Filter>
    </ClInclude>
    <ClInclude Include="..\..\Core\WPtr_inl.h">
      <Filter>Object System</Filter>
    </ClInclude>
    <ClInclude Include="..\..\Core\interlocked.h">
      <Filter>Threading</Filter>
    </ClInclude>
    <ClInclude Include="..\..\Core\mutex.h">
      <Filter>Threading</Filter>
    </ClInclude>
    <ClInclude Include="..\..\Core\mutex_fast.h">
      <Filter>Threading</Filter>
    </ClInclude>
    <ClInclude Include="..\..\Core\mutex_rw.h">
      <Filter>Threading</Filter>
    </ClInclude>
    <ClInclude Include="..\..\Core\mutex_rw2.h">
      <Filter>Threading</Filter>
    </ClInclude>
    <ClInclude Include="..\..\Core\scoped_lock.h">
      <Filter>Threading</Filter>
    </ClInclude>
    <ClInclude Include="..\..\Core\scoped_lock_read.h">
      <Filter>Threading</Filter>
    </ClInclude>
    <ClInclude Include="..\..\Core\scoped_lock_write.h">
      <Filter>Threading</Filter>
    </ClInclude>
    <ClInclude Include="..\..\Core\sync_spin.h">
      <Filter>Threading</Filter>
    </ClInclude>
    <ClInclude Include="..\..\Core\thread_safe_stl.h">
      <Filter>Threading</Filter>
    </ClInclude>
    <ClInclude Include="..\..\Core\W32Thread.h">
      <Filter>Threading</Filter>
    </ClInclude>
    <ClInclude Include="..\..\Core\aligned_storage.h">
      <Filter>Util</Filter>
    </ClInclude>
    <ClInclude Include="..\..\Core\aligned_storage_inl.h">
      <Filter>Util</Filter>
    </ClInclude>
    <ClInclude Include="..\..\Core\AlignedHeapOp.h">
      <Filter>Util</Filter>
    </ClInclude>
    <ClInclude Include="..\..\Core\allocators.h">
      <Filter>Util</Filter>
    </ClInclude>
    <ClInclude Include="..\..\Core\allocators_inl.h">
      <Filter>Util</Filter>
    </ClInclude>
    <ClInclude Include="..\..\Core\AnyValue.h">
      <Filter>Util</Filter>
    </ClInclude>
    <ClInclude Include="..\..\Core\biased_random.h">
      <Filter>Util</Filter>
    </ClInclude>
    <ClInclude Include="..\..\Core\BitArray.h">
      <Filter>Util</Filter>
    </ClInclude>
    <ClInclude Include="..\..\Core\compile_time_verifiers.h">
      <Filter>Util</Filter>
    </ClInclude>
    <ClInclude Include="..\..\Core\Config.h">
      <Filter>Util</Filter>
    </ClInclude>
    <ClInclude Include="..\..\Core\CountDown.h">
      <Filter>Util</Filter>
    </ClInclude>
    <ClInclude Include="..\..\Core\Counter.h">
      <Filter>Util</Filter>
    </ClInclude>
    <ClInclude Include="..\..\Core\duo_map.h">
      <Filter>Util</Filter>
    </ClInclude>
    <ClInclude Include="..\..\Core\fast_string.h">
      <Filter>Util</Filter>
    </ClInclude>
    <ClInclude Include="..\..\Core\FlexLexer.h">
      <Filter>Util</Filter>
    </ClInclude>
    <ClInclude Include="..\..\Core\FNGen.h">
      <Filter>Util</Filter>
    </ClInclude>
    <ClInclude Include="..\..\Core\FPSCounter.h">
      <Filter>Util</Filter>
    </ClInclude>
    <ClInclude Include="..\..\Core\FPSCtrl.h">
      <Filter>Util</Filter>
    </ClInclude>
    <ClInclude Include="..\..\Core\functor.h">
      <Filter>Util</Filter>
    </ClInclude>
    <ClInclude Include="..\..\Core\functor_inl.h">
      <Filter>Util</Filter>
    </ClInclude>
    <ClInclude Include="..\..\Core\functor_weak.h">
      <Filter>Util</Filter>
    </ClInclude>
    <ClInclude Include="..\..\Core\functor_weak_inl.h">
      <Filter>Util</Filter>
    </ClInclude>
    <ClInclude Include="..\..\Core\LexScan.h">
      <Filter>Util</Filter>
    </ClInclude>
    <ClInclude Include="..\..\Core\LoggerSTL.h">
      <Filter>Util</Filter>
    </ClInclude>
    <ClInclude Include="..\..\Core\mem_alloc.h">
      <Filter>Util</Filter>
    </ClInclude>
    <ClInclude Include="..\..\Core\mt.h">
      <Filter>Util</Filter>
    </ClInclude>
    <ClInclude Include="..\..\Core\Profiler.h">
      <Filter>Util</Filter>
    </ClInclude>
    <ClInclude Include="..\..\Core\QStats.h">
      <Filter>Util</Filter>
    </ClInclude>
    <ClInclude Include="..\..\Core\QStats_Inl.h">
      <Filter>Util</Filter>
    </ClInclude>
    <ClInclude Include="..\..\Core\random.h">
      <Filter>Util</Filter>
    </ClInclude>
    <ClInclude Include="..\..\Core\RiffReader.h">
      <Filter>Util</Filter>
    </ClInclude>
    <ClInclude Include="..\..\Core\scn_header.h">
      <Filter>Util</Filter>
    </ClInclude>
    <ClInclude Include="..\..\Core\SMem.h">
      <Filter>Util</Filter>
    </ClInclude>
    <ClInclude Include="..\..\Core\stack_any.h">
      <Filter>Util</Filter>
    </ClInclude>
    <ClInclude Include="..\..\Core\Stats.h">
      <Filter>Util</Filter>
    </ClInclude>
    <ClInclude Include="..\..\Core\stock.h">
      <Filter>Util</Filter>
    </ClInclude>
    <ClInclude Include="..\..\Core\stock_inl.h">
      <Filter>Util</Filter>
    </ClInclude>
    <ClInclude Include="..\..\Core\temp_stock.h">
      <Filter>Util</Filter>
    </ClInclude>
    <ClInclude Include="..\..\Core\temp_stock_inl.h">
      <Filter>Util</Filter>
    </ClInclude>
    <ClInclude Include="..\..\Core\Tokenizer.h">
      <Filter>Util</Filter>
    </ClInclude>
    <ClInclude Include="..\..\Core\UniqueMap.h">
      <Filter>Util</Filter>
    </ClInclude>
    <ClInclude Include="..\..\Core\version.h">
      <Filter>Util</Filter>
    </ClInclude>
    <ClInclude Include="..\..\Core\ZipUtil.h">
      <Filter>Util</Filter>
    </ClInclude>
    <ClInclude Include="..\..\Core\lfqueue.h">
      <Filter>Util\Lock-Free</Filter>
    </ClInclude>
    <ClInclude Include="..\..\Core\lfqueue_inl.h">
      <Filter>Util\Lock-Free</Filter>
    </ClInclude>
    <ClInclude Include="..\..\Core\mem_pool.h">
      <Filter>Util\Lock-Free</Filter>
    </ClInclude>
    <ClInclude Include="..\..\Core\mem_pool_inl.h">
      <Filter>Util\Lock-Free</Filter>
    </ClInclude>
    <ClInclude Include="..\..\Core\nt_mem_pool.h">
      <Filter>Util\Lock-Free</Filter>
    </ClInclude>
    <ClInclude Include="..\..\Core\nt_mem_pool_inl.h">
      <Filter>Util\Lock-Free</Filter>
    </ClInclude>
    <ClInclude Include="..\..\Core\CoreDeinit.h" />
    <ClInclude Include="..\..\dynamic_memory_allocator_config.h" />
    <ClInclude Include="..\..\dynamic_memory_allocator_inl.h" />
    <ClInclude Include="..\..\Core\Header.h" />
    <ClInclude Include="..\..\Core\malloc_alignment.h" />
    <ClInclude Include="..\..\Core\predecl.h" />
    <ClInclude Include="..\..\static_initializers.h" />
    <ClInclude Include="..\..\Core\z_off_debug_new.h" />
    <ClInclude Include="..\..\Core\z_on_debug_new.h" />
  </ItemGroup>
</Project>